// !$*UTF8*$!
{
	archiveVersion = 1;
	classes = {
	};
	objectVersion = 77;
	objects = {

/* Begin PBXContainerItemProxy section */
		2122EEA52D56A2F8002BCF15 /* PBXContainerItemProxy */ = {
			isa = PBXContainerItemProxy;
			containerPortal = 2122EE8A2D56A2F5002BCF15 /* Project object */;
			proxyType = 1;
			remoteGlobalIDString = 2122EE912D56A2F5002BCF15;
			remoteInfo = GopherHop;
		};
		2122EEAF2D56A2F8002BCF15 /* PBXContainerItemProxy */ = {
			isa = PBXContainerItemProxy;
			containerPortal = 2122EE8A2D56A2F5002BCF15 /* Project object */;
			proxyType = 1;
			remoteGlobalIDString = 2122EE912D56A2F5002BCF15;
			remoteInfo = GopherHop;
		};
/* End PBXContainerItemProxy section */

/* Begin PBXFileReference section */
		2122EE922D56A2F5002BCF15 /* GopherHop.app */ = {isa = PBXFileReference; explicitFileType = wrapper.application; includeInIndex = 0; path = GopherHop.app; sourceTree = BUILT_PRODUCTS_DIR; };
		2122EEA42D56A2F8002BCF15 /* GopherHopTests.xctest */ = {isa = PBXFileReference; explicitFileType = wrapper.cfbundle; includeInIndex = 0; path = GopherHopTests.xctest; sourceTree = BUILT_PRODUCTS_DIR; };
		2122EEAE2D56A2F8002BCF15 /* GopherHopUITests.xctest */ = {isa = PBXFileReference; explicitFileType = wrapper.cfbundle; includeInIndex = 0; path = GopherHopUITests.xctest; sourceTree = BUILT_PRODUCTS_DIR; };
/* End PBXFileReference section */

/* Begin PBXFileSystemSynchronizedBuildFileExceptionSet section */
		21BD35392D58B6FA00894201 /* Exceptions for "GopherHop" folder in "GopherHop" target */ = {
			isa = PBXFileSystemSynchronizedBuildFileExceptionSet;
			membershipExceptions = (
				Info.plist,
			);
			target = 2122EE912D56A2F5002BCF15 /* GopherHop */;
		};
/* End PBXFileSystemSynchronizedBuildFileExceptionSet section */

/* Begin PBXFileSystemSynchronizedRootGroup section */
		2122EE942D56A2F5002BCF15 /* GopherHop */ = {
			isa = PBXFileSystemSynchronizedRootGroup;
			exceptions = (
				21BD35392D58B6FA00894201 /* Exceptions for "GopherHop" folder in "GopherHop" target */,
			);
			path = GopherHop;
			sourceTree = "<group>";
		};
		2122EEA72D56A2F8002BCF15 /* GopherHopTests */ = {
			isa = PBXFileSystemSynchronizedRootGroup;
			path = GopherHopTests;
			sourceTree = "<group>";
		};
		2122EEB12D56A2F8002BCF15 /* GopherHopUITests */ = {
			isa = PBXFileSystemSynchronizedRootGroup;
			path = GopherHopUITests;
			sourceTree = "<group>";
		};
/* End PBXFileSystemSynchronizedRootGroup section */

/* Begin PBXFrameworksBuildPhase section */
		2122EE8F2D56A2F5002BCF15 /* Frameworks */ = {
			isa = PBXFrameworksBuildPhase;
			buildActionMask = 2147483647;
			files = (
			);
			runOnlyForDeploymentPostprocessing = 0;
		};
		2122EEA12D56A2F8002BCF15 /* Frameworks */ = {
			isa = PBXFrameworksBuildPhase;
			buildActionMask = 2147483647;
			files = (
			);
			runOnlyForDeploymentPostprocessing = 0;
		};
		2122EEAB2D56A2F8002BCF15 /* Frameworks */ = {
			isa = PBXFrameworksBuildPhase;
			buildActionMask = 2147483647;
			files = (
			);
			runOnlyForDeploymentPostprocessing = 0;
		};
/* End PBXFrameworksBuildPhase section */

/* Begin PBXGroup section */
		2122EE892D56A2F5002BCF15 = {
			isa = PBXGroup;
			children = (
				2122EE942D56A2F5002BCF15 /* GopherHop */,
				2122EEA72D56A2F8002BCF15 /* GopherHopTests */,
				2122EEB12D56A2F8002BCF15 /* GopherHopUITests */,
				2122EE932D56A2F5002BCF15 /* Products */,
			);
			sourceTree = "<group>";
		};
		2122EE932D56A2F5002BCF15 /* Products */ = {
			isa = PBXGroup;
			children = (
				2122EE922D56A2F5002BCF15 /* GopherHop.app */,
				2122EEA42D56A2F8002BCF15 /* GopherHopTests.xctest */,
				2122EEAE2D56A2F8002BCF15 /* GopherHopUITests.xctest */,
			);
			name = Products;
			sourceTree = "<group>";
		};
/* End PBXGroup section */

/* Begin PBXNativeTarget section */
		2122EE912D56A2F5002BCF15 /* GopherHop */ = {
			isa = PBXNativeTarget;
			buildConfigurationList = 2122EEB82D56A2F8002BCF15 /* Build configuration list for PBXNativeTarget "GopherHop" */;
			buildPhases = (
				2122EE8E2D56A2F5002BCF15 /* Sources */,
				2122EE8F2D56A2F5002BCF15 /* Frameworks */,
				2122EE902D56A2F5002BCF15 /* Resources */,
			);
			buildRules = (
			);
			dependencies = (
			);
			fileSystemSynchronizedGroups = (
				2122EE942D56A2F5002BCF15 /* GopherHop */,
			);
			name = GopherHop;
			packageProductDependencies = (
			);
			productName = GopherHop;
			productReference = 2122EE922D56A2F5002BCF15 /* GopherHop.app */;
			productType = "com.apple.product-type.application";
		};
		2122EEA32D56A2F8002BCF15 /* GopherHopTests */ = {
			isa = PBXNativeTarget;
			buildConfigurationList = 2122EEBB2D56A2F8002BCF15 /* Build configuration list for PBXNativeTarget "GopherHopTests" */;
			buildPhases = (
				2122EEA02D56A2F8002BCF15 /* Sources */,
				2122EEA12D56A2F8002BCF15 /* Frameworks */,
				2122EEA22D56A2F8002BCF15 /* Resources */,
			);
			buildRules = (
			);
			dependencies = (
				2122EEA62D56A2F8002BCF15 /* PBXTargetDependency */,
			);
			fileSystemSynchronizedGroups = (
				2122EEA72D56A2F8002BCF15 /* GopherHopTests */,
			);
			name = GopherHopTests;
			packageProductDependencies = (
			);
			productName = GopherHopTests;
			productReference = 2122EEA42D56A2F8002BCF15 /* GopherHopTests.xctest */;
			productType = "com.apple.product-type.bundle.unit-test";
		};
		2122EEAD2D56A2F8002BCF15 /* GopherHopUITests */ = {
			isa = PBXNativeTarget;
			buildConfigurationList = 2122EEBE2D56A2F8002BCF15 /* Build configuration list for PBXNativeTarget "GopherHopUITests" */;
			buildPhases = (
				2122EEAA2D56A2F8002BCF15 /* Sources */,
				2122EEAB2D56A2F8002BCF15 /* Frameworks */,
				2122EEAC2D56A2F8002BCF15 /* Resources */,
			);
			buildRules = (
			);
			dependencies = (
				2122EEB02D56A2F8002BCF15 /* PBXTargetDependency */,
			);
			fileSystemSynchronizedGroups = (
				2122EEB12D56A2F8002BCF15 /* GopherHopUITests */,
			);
			name = GopherHopUITests;
			packageProductDependencies = (
			);
			productName = GopherHopUITests;
			productReference = 2122EEAE2D56A2F8002BCF15 /* GopherHopUITests.xctest */;
			productType = "com.apple.product-type.bundle.ui-testing";
		};
/* End PBXNativeTarget section */

/* Begin PBXProject section */
		2122EE8A2D56A2F5002BCF15 /* Project object */ = {
			isa = PBXProject;
			attributes = {
				BuildIndependentTargetsInParallel = 1;
				LastSwiftUpdateCheck = 1620;
				LastUpgradeCheck = 1620;
				TargetAttributes = {
					2122EE912D56A2F5002BCF15 = {
						CreatedOnToolsVersion = 16.2;
					};
					2122EEA32D56A2F8002BCF15 = {
						CreatedOnToolsVersion = 16.2;
						TestTargetID = 2122EE912D56A2F5002BCF15;
					};
					2122EEAD2D56A2F8002BCF15 = {
						CreatedOnToolsVersion = 16.2;
						TestTargetID = 2122EE912D56A2F5002BCF15;
					};
				};
			};
			buildConfigurationList = 2122EE8D2D56A2F5002BCF15 /* Build configuration list for PBXProject "GopherHop" */;
			developmentRegion = en;
			hasScannedForEncodings = 0;
			knownRegions = (
				en,
				Base,
			);
			mainGroup = 2122EE892D56A2F5002BCF15;
			minimizedProjectReferenceProxies = 1;
			packageReferences = (
			);
			preferredProjectObjectVersion = 77;
			productRefGroup = 2122EE932D56A2F5002BCF15 /* Products */;
			projectDirPath = "";
			projectRoot = "";
			targets = (
				2122EE912D56A2F5002BCF15 /* GopherHop */,
				2122EEA32D56A2F8002BCF15 /* GopherHopTests */,
				2122EEAD2D56A2F8002BCF15 /* GopherHopUITests */,
			);
		};
/* End PBXProject section */

/* Begin PBXResourcesBuildPhase section */
		2122EE902D56A2F5002BCF15 /* Resources */ = {
			isa = PBXResourcesBuildPhase;
			buildActionMask = 2147483647;
			files = (
			);
			runOnlyForDeploymentPostprocessing = 0;
		};
		2122EEA22D56A2F8002BCF15 /* Resources */ = {
			isa = PBXResourcesBuildPhase;
			buildActionMask = 2147483647;
			files = (
			);
			runOnlyForDeploymentPostprocessing = 0;
		};
		2122EEAC2D56A2F8002BCF15 /* Resources */ = {
			isa = PBXResourcesBuildPhase;
			buildActionMask = 2147483647;
			files = (
			);
			runOnlyForDeploymentPostprocessing = 0;
		};
/* End PBXResourcesBuildPhase section */

/* Begin PBXSourcesBuildPhase section */
		2122EE8E2D56A2F5002BCF15 /* Sources */ = {
			isa = PBXSourcesBuildPhase;
			buildActionMask = 2147483647;
			files = (
			);
			runOnlyForDeploymentPostprocessing = 0;
		};
		2122EEA02D56A2F8002BCF15 /* Sources */ = {
			isa = PBXSourcesBuildPhase;
			buildActionMask = 2147483647;
			files = (
			);
			runOnlyForDeploymentPostprocessing = 0;
		};
		2122EEAA2D56A2F8002BCF15 /* Sources */ = {
			isa = PBXSourcesBuildPhase;
			buildActionMask = 2147483647;
			files = (
			);
			runOnlyForDeploymentPostprocessing = 0;
		};
/* End PBXSourcesBuildPhase section */

/* Begin PBXTargetDependency section */
		2122EEA62D56A2F8002BCF15 /* PBXTargetDependency */ = {
			isa = PBXTargetDependency;
			target = 2122EE912D56A2F5002BCF15 /* GopherHop */;
			targetProxy = 2122EEA52D56A2F8002BCF15 /* PBXContainerItemProxy */;
		};
		2122EEB02D56A2F8002BCF15 /* PBXTargetDependency */ = {
			isa = PBXTargetDependency;
			target = 2122EE912D56A2F5002BCF15 /* GopherHop */;
			targetProxy = 2122EEAF2D56A2F8002BCF15 /* PBXContainerItemProxy */;
		};
/* End PBXTargetDependency section */

/* Begin XCBuildConfiguration section */
		2122EEB62D56A2F8002BCF15 /* Debug */ = {
			isa = XCBuildConfiguration;
			buildSettings = {
				ALWAYS_SEARCH_USER_PATHS = NO;
				ASSETCATALOG_COMPILER_GENERATE_SWIFT_ASSET_SYMBOL_EXTENSIONS = YES;
				CLANG_ANALYZER_NONNULL = YES;
				CLANG_ANALYZER_NUMBER_OBJECT_CONVERSION = YES_AGGRESSIVE;
				CLANG_CXX_LANGUAGE_STANDARD = "gnu++20";
				CLANG_ENABLE_MODULES = YES;
				CLANG_ENABLE_OBJC_ARC = YES;
				CLANG_ENABLE_OBJC_WEAK = YES;
				CLANG_WARN_BLOCK_CAPTURE_AUTORELEASING = YES;
				CLANG_WARN_BOOL_CONVERSION = YES;
				CLANG_WARN_COMMA = YES;
				CLANG_WARN_CONSTANT_CONVERSION = YES;
				CLANG_WARN_DEPRECATED_OBJC_IMPLEMENTATIONS = YES;
				CLANG_WARN_DIRECT_OBJC_ISA_USAGE = YES_ERROR;
				CLANG_WARN_DOCUMENTATION_COMMENTS = YES;
				CLANG_WARN_EMPTY_BODY = YES;
				CLANG_WARN_ENUM_CONVERSION = YES;
				CLANG_WARN_INFINITE_RECURSION = YES;
				CLANG_WARN_INT_CONVERSION = YES;
				CLANG_WARN_NON_LITERAL_NULL_CONVERSION = YES;
				CLANG_WARN_OBJC_IMPLICIT_RETAIN_SELF = YES;
				CLANG_WARN_OBJC_LITERAL_CONVERSION = YES;
				CLANG_WARN_OBJC_ROOT_CLASS = YES_ERROR;
				CLANG_WARN_QUOTED_INCLUDE_IN_FRAMEWORK_HEADER = YES;
				CLANG_WARN_RANGE_LOOP_ANALYSIS = YES;
				CLANG_WARN_STRICT_PROTOTYPES = YES;
				CLANG_WARN_SUSPICIOUS_MOVE = YES;
				CLANG_WARN_UNGUARDED_AVAILABILITY = YES_AGGRESSIVE;
				CLANG_WARN_UNREACHABLE_CODE = YES;
				CLANG_WARN__DUPLICATE_METHOD_MATCH = YES;
				COPY_PHASE_STRIP = NO;
				DEBUG_INFORMATION_FORMAT = dwarf;
				ENABLE_STRICT_OBJC_MSGSEND = YES;
				ENABLE_TESTABILITY = YES;
				ENABLE_USER_SCRIPT_SANDBOXING = YES;
				GCC_C_LANGUAGE_STANDARD = gnu17;
				GCC_DYNAMIC_NO_PIC = NO;
				GCC_NO_COMMON_BLOCKS = YES;
				GCC_OPTIMIZATION_LEVEL = 0;
				GCC_PREPROCESSOR_DEFINITIONS = (
					"DEBUG=1",
					"$(inherited)",
				);
				GCC_WARN_64_TO_32_BIT_CONVERSION = YES;
				GCC_WARN_ABOUT_RETURN_TYPE = YES_ERROR;
				GCC_WARN_UNDECLARED_SELECTOR = YES;
				GCC_WARN_UNINITIALIZED_AUTOS = YES_AGGRESSIVE;
				GCC_WARN_UNUSED_FUNCTION = YES;
				GCC_WARN_UNUSED_VARIABLE = YES;
				INFOPLIST_FILE = "";
				IPHONEOS_DEPLOYMENT_TARGET = 18.2;
				LOCALIZATION_PREFERS_STRING_CATALOGS = YES;
				MTL_ENABLE_DEBUG_INFO = INCLUDE_SOURCE;
				MTL_FAST_MATH = YES;
				ONLY_ACTIVE_ARCH = YES;
				SDKROOT = iphoneos;
				SWIFT_ACTIVE_COMPILATION_CONDITIONS = "DEBUG $(inherited)";
				SWIFT_OPTIMIZATION_LEVEL = "-Onone";
			};
			name = Debug;
		};
		2122EEB72D56A2F8002BCF15 /* Release */ = {
			isa = XCBuildConfiguration;
			buildSettings = {
				ALWAYS_SEARCH_USER_PATHS = NO;
				ASSETCATALOG_COMPILER_GENERATE_SWIFT_ASSET_SYMBOL_EXTENSIONS = YES;
				CLANG_ANALYZER_NONNULL = YES;
				CLANG_ANALYZER_NUMBER_OBJECT_CONVERSION = YES_AGGRESSIVE;
				CLANG_CXX_LANGUAGE_STANDARD = "gnu++20";
				CLANG_ENABLE_MODULES = YES;
				CLANG_ENABLE_OBJC_ARC = YES;
				CLANG_ENABLE_OBJC_WEAK = YES;
				CLANG_WARN_BLOCK_CAPTURE_AUTORELEASING = YES;
				CLANG_WARN_BOOL_CONVERSION = YES;
				CLANG_WARN_COMMA = YES;
				CLANG_WARN_CONSTANT_CONVERSION = YES;
				CLANG_WARN_DEPRECATED_OBJC_IMPLEMENTATIONS = YES;
				CLANG_WARN_DIRECT_OBJC_ISA_USAGE = YES_ERROR;
				CLANG_WARN_DOCUMENTATION_COMMENTS = YES;
				CLANG_WARN_EMPTY_BODY = YES;
				CLANG_WARN_ENUM_CONVERSION = YES;
				CLANG_WARN_INFINITE_RECURSION = YES;
				CLANG_WARN_INT_CONVERSION = YES;
				CLANG_WARN_NON_LITERAL_NULL_CONVERSION = YES;
				CLANG_WARN_OBJC_IMPLICIT_RETAIN_SELF = YES;
				CLANG_WARN_OBJC_LITERAL_CONVERSION = YES;
				CLANG_WARN_OBJC_ROOT_CLASS = YES_ERROR;
				CLANG_WARN_QUOTED_INCLUDE_IN_FRAMEWORK_HEADER = YES;
				CLANG_WARN_RANGE_LOOP_ANALYSIS = YES;
				CLANG_WARN_STRICT_PROTOTYPES = YES;
				CLANG_WARN_SUSPICIOUS_MOVE = YES;
				CLANG_WARN_UNGUARDED_AVAILABILITY = YES_AGGRESSIVE;
				CLANG_WARN_UNREACHABLE_CODE = YES;
				CLANG_WARN__DUPLICATE_METHOD_MATCH = YES;
				COPY_PHASE_STRIP = NO;
				DEBUG_INFORMATION_FORMAT = "dwarf-with-dsym";
				ENABLE_NS_ASSERTIONS = NO;
				ENABLE_STRICT_OBJC_MSGSEND = YES;
				ENABLE_USER_SCRIPT_SANDBOXING = YES;
				GCC_C_LANGUAGE_STANDARD = gnu17;
				GCC_NO_COMMON_BLOCKS = YES;
				GCC_WARN_64_TO_32_BIT_CONVERSION = YES;
				GCC_WARN_ABOUT_RETURN_TYPE = YES_ERROR;
				GCC_WARN_UNDECLARED_SELECTOR = YES;
				GCC_WARN_UNINITIALIZED_AUTOS = YES_AGGRESSIVE;
				GCC_WARN_UNUSED_FUNCTION = YES;
				GCC_WARN_UNUSED_VARIABLE = YES;
				INFOPLIST_FILE = "";
				IPHONEOS_DEPLOYMENT_TARGET = 18.2;
				LOCALIZATION_PREFERS_STRING_CATALOGS = YES;
				MTL_ENABLE_DEBUG_INFO = NO;
				MTL_FAST_MATH = YES;
				SDKROOT = iphoneos;
				SWIFT_COMPILATION_MODE = wholemodule;
				VALIDATE_PRODUCT = YES;
			};
			name = Release;
		};
		2122EEB92D56A2F8002BCF15 /* Debug */ = {
			isa = XCBuildConfiguration;
			buildSettings = {
				ASSETCATALOG_COMPILER_APPICON_NAME = AppIcon;
				ASSETCATALOG_COMPILER_GLOBAL_ACCENT_COLOR_NAME = AccentColor;
				CODE_SIGN_STYLE = Automatic;
				CURRENT_PROJECT_VERSION = 1;
				DEVELOPMENT_ASSET_PATHS = "\"GopherHop/Preview Content\"";
				DEVELOPMENT_TEAM = CM9HQPL8H2;
				ENABLE_PREVIEWS = YES;
				GENERATE_INFOPLIST_FILE = YES;
				INFOPLIST_FILE = GopherHop/Info.plist;
				INFOPLIST_KEY_UIApplicationSceneManifest_Generation = YES;
				INFOPLIST_KEY_UIApplicationSupportsIndirectInputEvents = YES;
				INFOPLIST_KEY_UILaunchScreen_Generation = YES;
				INFOPLIST_KEY_UISupportedInterfaceOrientations_iPad = "UIInterfaceOrientationPortrait UIInterfaceOrientationPortraitUpsideDown UIInterfaceOrientationLandscapeLeft UIInterfaceOrientationLandscapeRight";
				INFOPLIST_KEY_UISupportedInterfaceOrientations_iPhone = "UIInterfaceOrientationPortrait UIInterfaceOrientationLandscapeLeft UIInterfaceOrientationLandscapeRight";
				LD_RUNPATH_SEARCH_PATHS = (
					"$(inherited)",
					"@executable_path/Frameworks",
				);
				MARKETING_VERSION = 1.0;
				PRODUCT_BUNDLE_IDENTIFIER = fh.GopherHop;
				PRODUCT_NAME = "$(TARGET_NAME)";
				SWIFT_EMIT_LOC_STRINGS = YES;
				SWIFT_VERSION = 5.0;
				TARGETED_DEVICE_FAMILY = "1,2";
			};
			name = Debug;
		};
		2122EEBA2D56A2F8002BCF15 /* Release */ = {
			isa = XCBuildConfiguration;
			buildSettings = {
				ASSETCATALOG_COMPILER_APPICON_NAME = AppIcon;
				ASSETCATALOG_COMPILER_GLOBAL_ACCENT_COLOR_NAME = AccentColor;
				CODE_SIGN_STYLE = Automatic;
				CURRENT_PROJECT_VERSION = 1;
				DEVELOPMENT_ASSET_PATHS = "\"GopherHop/Preview Content\"";
				DEVELOPMENT_TEAM = CM9HQPL8H2;
				ENABLE_PREVIEWS = YES;
				GENERATE_INFOPLIST_FILE = YES;
				INFOPLIST_FILE = GopherHop/Info.plist;
				INFOPLIST_KEY_UIApplicationSceneManifest_Generation = YES;
				INFOPLIST_KEY_UIApplicationSupportsIndirectInputEvents = YES;
				INFOPLIST_KEY_UILaunchScreen_Generation = YES;
				INFOPLIST_KEY_UISupportedInterfaceOrientations_iPad = "UIInterfaceOrientationPortrait UIInterfaceOrientationPortraitUpsideDown UIInterfaceOrientationLandscapeLeft UIInterfaceOrientationLandscapeRight";
				INFOPLIST_KEY_UISupportedInterfaceOrientations_iPhone = "UIInterfaceOrientationPortrait UIInterfaceOrientationLandscapeLeft UIInterfaceOrientationLandscapeRight";
				LD_RUNPATH_SEARCH_PATHS = (
					"$(inherited)",
					"@executable_path/Frameworks",
				);
				MARKETING_VERSION = 1.0;
				PRODUCT_BUNDLE_IDENTIFIER = fh.GopherHop;
				PRODUCT_NAME = "$(TARGET_NAME)";
				SWIFT_EMIT_LOC_STRINGS = YES;
				SWIFT_VERSION = 5.0;
				TARGETED_DEVICE_FAMILY = "1,2";
			};
			name = Release;
		};
		2122EEBC2D56A2F8002BCF15 /* Debug */ = {
			isa = XCBuildConfiguration;
			buildSettings = {
				BUNDLE_LOADER = "$(TEST_HOST)";
				CODE_SIGN_STYLE = Automatic;
				CURRENT_PROJECT_VERSION = 1;
				DEVELOPMENT_TEAM = CM9HQPL8H2;
				GENERATE_INFOPLIST_FILE = YES;
				IPHONEOS_DEPLOYMENT_TARGET = 18.2;
				MARKETING_VERSION = 1.0;
				PRODUCT_BUNDLE_IDENTIFIER = fh.GopherHopTests;
				PRODUCT_NAME = "$(TARGET_NAME)";
				SWIFT_EMIT_LOC_STRINGS = NO;
				SWIFT_VERSION = 5.0;
				TARGETED_DEVICE_FAMILY = "1,2";
				TEST_HOST = "$(BUILT_PRODUCTS_DIR)/GopherHop.app/$(BUNDLE_EXECUTABLE_FOLDER_PATH)/GopherHop";
			};
			name = Debug;
		};
		2122EEBD2D56A2F8002BCF15 /* Release */ = {
			isa = XCBuildConfiguration;
			buildSettings = {
				BUNDLE_LOADER = "$(TEST_HOST)";
				CODE_SIGN_STYLE = Automatic;
				CURRENT_PROJECT_VERSION = 1;
				DEVELOPMENT_TEAM = CM9HQPL8H2;
				GENERATE_INFOPLIST_FILE = YES;
				IPHONEOS_DEPLOYMENT_TARGET = 18.2;
				MARKETING_VERSION = 1.0;
				PRODUCT_BUNDLE_IDENTIFIER = fh.GopherHopTests;
				PRODUCT_NAME = "$(TARGET_NAME)";
				SWIFT_EMIT_LOC_STRINGS = NO;
				SWIFT_VERSION = 5.0;
				TARGETED_DEVICE_FAMILY = "1,2";
				TEST_HOST = "$(BUILT_PRODUCTS_DIR)/GopherHop.app/$(BUNDLE_EXECUTABLE_FOLDER_PATH)/GopherHop";
			};
			name = Release;
		};
		2122EEBF2D56A2F8002BCF15 /* Debug */ = {
			isa = XCBuildConfiguration;
			buildSettings = {
				CODE_SIGN_STYLE = Automatic;
				CURRENT_PROJECT_VERSION = 1;
				DEVELOPMENT_TEAM = CM9HQPL8H2;
				GENERATE_INFOPLIST_FILE = YES;
				MARKETING_VERSION = 1.0;
				PRODUCT_BUNDLE_IDENTIFIER = fh.GopherHopUITests;
				PRODUCT_NAME = "$(TARGET_NAME)";
				SWIFT_EMIT_LOC_STRINGS = NO;
				SWIFT_VERSION = 5.0;
				TARGETED_DEVICE_FAMILY = "1,2";
				TEST_TARGET_NAME = GopherHop;
			};
			name = Debug;
		};
		2122EEC02D56A2F8002BCF15 /* Release */ = {
			isa = XCBuildConfiguration;
			buildSettings = {
				CODE_SIGN_STYLE = Automatic;
				CURRENT_PROJECT_VERSION = 1;
				DEVELOPMENT_TEAM = CM9HQPL8H2;
				GENERATE_INFOPLIST_FILE = YES;
				MARKETING_VERSION = 1.0;
				PRODUCT_BUNDLE_IDENTIFIER = fh.GopherHopUITests;
				PRODUCT_NAME = "$(TARGET_NAME)";
				SWIFT_EMIT_LOC_STRINGS = NO;
				SWIFT_VERSION = 5.0;
				TARGETED_DEVICE_FAMILY = "1,2";
				TEST_TARGET_NAME = GopherHop;
			};
			name = Release;
		};
/* End XCBuildConfiguration section */

/* Begin XCConfigurationList section */
		2122EE8D2D56A2F5002BCF15 /* Build configuration list for PBXProject "GopherHop" */ = {
			isa = XCConfigurationList;
			buildConfigurations = (
				2122EEB62D56A2F8002BCF15 /* Debug */,
				2122EEB72D56A2F8002BCF15 /* Release */,
			);
			defaultConfigurationIsVisible = 0;
			defaultConfigurationName = Release;
		};
		2122EEB82D56A2F8002BCF15 /* Build configuration list for PBXNativeTarget "GopherHop" */ = {
			isa = XCConfigurationList;
			buildConfigurations = (
				2122EEB92D56A2F8002BCF15 /* Debug */,
				2122EEBA2D56A2F8002BCF15 /* Release */,
			);
			defaultConfigurationIsVisible = 0;
			defaultConfigurationName = Release;
		};
		2122EEBB2D56A2F8002BCF15 /* Build configuration list for PBXNativeTarget "GopherHopTests" */ = {
			isa = XCConfigurationList;
			buildConfigurations = (
				2122EEBC2D56A2F8002BCF15 /* Debug */,
				2122EEBD2D56A2F8002BCF15 /* Release */,
			);
			defaultConfigurationIsVisible = 0;
			defaultConfigurationName = Release;
		};
		2122EEBE2D56A2F8002BCF15 /* Build configuration list for PBXNativeTarget "GopherHopUITests" */ = {
			isa = XCConfigurationList;
			buildConfigurations = (
				2122EEBF2D56A2F8002BCF15 /* Debug */,
				2122EEC02D56A2F8002BCF15 /* Release */,
			);
			defaultConfigurationIsVisible = 0;
			defaultConfigurationName = Release;
		};
/* End XCConfigurationList section */
	};
	rootObject = 2122EE8A2D56A2F5002BCF15 /* Project object */;
}
